
Microsoft Visual Studio Solution File, Format Version 12.00
# Visual Studio Version 17
VisualStudioVersion = 17.13.35931.197 d17.13
MinimumVisualStudioVersion = 10.0.40219.1
Project("{FAE04EC0-301F-11D3-BF4B-00C04F79EFBC}") = "MauiMVUTest", "MauiMVUTest\MauiMVUTest.csproj", "{52F5C984-03CD-46AA-9CAD-9ACBC775F03C}"
EndProject
Project("{FAE04EC0-301F-11D3-BF4B-00C04F79EFBC}") = "AppFramework.Mvvm", "src\AppFramework.Mvvm\AppFramework.Mvvm.csproj", "{5F6D9BC6-3F23-5C8A-AF12-39C6A97746B9}"
EndProject
Project("{FAE04EC0-301F-11D3-BF4B-00C04F79EFBC}") = "AppFramework.Mvvm.SourceGenerators", "src\AppFramework.Mvvm.SourceGenerators\AppFramework.Mvvm.SourceGenerators.csproj", "{FD17D021-0A6E-02F2-E99E-21045C980324}"
EndProject
Global
	GlobalSection(SolutionConfigurationPlatforms) = preSolution
		Debug|Any CPU = Debug|Any CPU
		Release|Any CPU = Release|Any CPU
	EndGlobalSection
	GlobalSection(ProjectConfigurationPlatforms) = postSolution
		{52F5C984-03CD-46AA-9CAD-9ACBC775F03C}.Debug|Any CPU.ActiveCfg = Debug|Any CPU
		{52F5C984-03CD-46AA-9CAD-9ACBC775F03C}.Debug|Any CPU.Build.0 = Debug|Any CPU
		{52F5C984-03CD-46AA-9CAD-9ACBC775F03C}.Release|Any CPU.ActiveCfg = Release|Any CPU
		{52F5C984-03CD-46AA-9CAD-9ACBC775F03C}.Release|Any CPU.Build.0 = Release|Any CPU
		{5F6D9BC6-3F23-5C8A-AF12-39C6A97746B9}.Debug|Any CPU.ActiveCfg = Debug|Any CPU
		{5F6D9BC6-3F23-5C8A-AF12-39C6A97746B9}.Debug|Any CPU.Build.0 = Debug|Any CPU
		{5F6D9BC6-3F23-5C8A-AF12-39C6A97746B9}.Release|Any CPU.ActiveCfg = Release|Any CPU
		{5F6D9BC6-3F23-5C8A-AF12-39C6A97746B9}.Release|Any CPU.Build.0 = Release|Any CPU
		{FD17D021-0A6E-02F2-E99E-21045C980324}.Debug|Any CPU.ActiveCfg = Debug|Any CPU
		{FD17D021-0A6E-02F2-E99E-21045C980324}.Debug|Any CPU.Build.0 = Debug|Any CPU
		{FD17D021-0A6E-02F2-E99E-21045C980324}.Release|Any CPU.ActiveCfg = Release|Any CPU
		{FD17D021-0A6E-02F2-E99E-21045C980324}.Release|Any CPU.Build.0 = Release|Any CPU
	EndGlobalSection
	GlobalSection(SolutionProperties) = preSolution
		HideSolutionNode = FALSE
	EndGlobalSection
	GlobalSection(ExtensibilityGlobals) = postSolution
		SolutionGuid = {8249C110-95A2-4FC5-B387-87589AFDB1DA}
	EndGlobalSection
EndGlobal
